// !$*UTF8*$!
{
	archiveVersion = 1;
	classes = {
	};
	objectVersion = 46;
	objects = {

/* Begin PBXBuildFile section */
		74AEF5AD1DDCBD5C0069E92D /* main.m in Sources */ = {isa = PBXBuildFile; fileRef = 74AEF5AC1DDCBD5C0069E92D /* main.m */; };
		74AEF5B01DDCBD5C0069E92D /* AppDelegate.m in Sources */ = {isa = PBXBuildFile; fileRef = 74AEF5AF1DDCBD5C0069E92D /* AppDelegate.m */; };
		74AEF5B31DDCBD5C0069E92D /* ViewController.m in Sources */ = {isa = PBXBuildFile; fileRef = 74AEF5B21DDCBD5C0069E92D /* ViewController.m */; };
		74AEF5B61DDCBD5C0069E92D /* Main.storyboard in Resources */ = {isa = PBXBuildFile; fileRef = 74AEF5B41DDCBD5C0069E92D /* Main.storyboard */; };
		74AEF5B81DDCBD5C0069E92D /* Assets.xcassets in Resources */ = {isa = PBXBuildFile; fileRef = 74AEF5B71DDCBD5C0069E92D /* Assets.xcassets */; };
		74AEF5BB1DDCBD5C0069E92D /* LaunchScreen.storyboard in Resources */ = {isa = PBXBuildFile; fileRef = 74AEF5B91DDCBD5C0069E92D /* LaunchScreen.storyboard */; };
		74AEF5C41DDCC0320069E92D /* CollectionViewCell.m in Sources */ = {isa = PBXBuildFile; fileRef = 74AEF5C31DDCC0320069E92D /* CollectionViewCell.m */; };
		74AEF5E81DDCE6AF0069E92D /* ImageObject.m in Sources */ = {isa = PBXBuildFile; fileRef = 74AEF5E71DDCE6AF0069E92D /* ImageObject.m */; };
		74D6546F1DDD288000BA9838 /* HeaderCollectionReusableView.m in Sources */ = {isa = PBXBuildFile; fileRef = 74D6546E1DDD288000BA9838 /* HeaderCollectionReusableView.m */; };
/* End PBXBuildFile section */

/* Begin PBXFileReference section */
		74AEF5A81DDCBD5C0069E92D /* InstaKilo.app */ = {isa = PBXFileReference; explicitFileType = wrapper.application; includeInIndex = 0; path = InstaKilo.app; sourceTree = BUILT_PRODUCTS_DIR; };
		74AEF5AC1DDCBD5C0069E92D /* main.m */ = {isa = PBXFileReference; lastKnownFileType = sourcecode.c.objc; path = main.m; sourceTree = "<group>"; };
		74AEF5AE1DDCBD5C0069E92D /* AppDelegate.h */ = {isa = PBXFileReference; lastKnownFileType = sourcecode.c.h; path = AppDelegate.h; sourceTree = "<group>"; };
		74AEF5AF1DDCBD5C0069E92D /* AppDelegate.m */ = {isa = PBXFileReference; lastKnownFileType = sourcecode.c.objc; path = AppDelegate.m; sourceTree = "<group>"; };
		74AEF5B11DDCBD5C0069E92D /* ViewController.h */ = {isa = PBXFileReference; lastKnownFileType = sourcecode.c.h; path = ViewController.h; sourceTree = "<group>"; };
		74AEF5B21DDCBD5C0069E92D /* ViewController.m */ = {isa = PBXFileReference; lastKnownFileType = sourcecode.c.objc; path = ViewController.m; sourceTree = "<group>"; };
		74AEF5B51DDCBD5C0069E92D /* Base */ = {isa = PBXFileReference; lastKnownFileType = file.storyboard; name = Base; path = Base.lproj/Main.storyboard; sourceTree = "<group>"; };
		74AEF5B71DDCBD5C0069E92D /* Assets.xcassets */ = {isa = PBXFileReference; lastKnownFileType = folder.assetcatalog; path = Assets.xcassets; sourceTree = "<group>"; };
		74AEF5BA1DDCBD5C0069E92D /* Base */ = {isa = PBXFileReference; lastKnownFileType = file.storyboard; name = Base; path = Base.lproj/LaunchScreen.storyboard; sourceTree = "<group>"; };
		74AEF5BC1DDCBD5C0069E92D /* Info.plist */ = {isa = PBXFileReference; lastKnownFileType = text.plist.xml; path = Info.plist; sourceTree = "<group>"; };
		74AEF5C21DDCC0320069E92D /* CollectionViewCell.h */ = {isa = PBXFileReference; fileEncoding = 4; lastKnownFileType = sourcecode.c.h; path = CollectionViewCell.h; sourceTree = "<group>"; };
		74AEF5C31DDCC0320069E92D /* CollectionViewCell.m */ = {isa = PBXFileReference; fileEncoding = 4; lastKnownFileType = sourcecode.c.objc; path = CollectionViewCell.m; sourceTree = "<group>"; };
		74AEF5E61DDCE6AF0069E92D /* ImageObject.h */ = {isa = PBXFileReference; fileEncoding = 4; lastKnownFileType = sourcecode.c.h; path = ImageObject.h; sourceTree = "<group>"; };
		74AEF5E71DDCE6AF0069E92D /* ImageObject.m */ = {isa = PBXFileReference; fileEncoding = 4; lastKnownFileType = sourcecode.c.objc; path = ImageObject.m; sourceTree = "<group>"; };
		74D6546D1DDD288000BA9838 /* HeaderCollectionReusableView.h */ = {isa = PBXFileReference; fileEncoding = 4; lastKnownFileType = sourcecode.c.h; path = HeaderCollectionReusableView.h; sourceTree = "<group>"; };
		74D6546E1DDD288000BA9838 /* HeaderCollectionReusableView.m */ = {isa = PBXFileReference; fileEncoding = 4; lastKnownFileType = sourcecode.c.objc; path = HeaderCollectionReusableView.m; sourceTree = "<group>"; };
/* End PBXFileReference section */

/* Begin PBXFrameworksBuildPhase section */
		74AEF5A51DDCBD5C0069E92D /* Frameworks */ = {
			isa = PBXFrameworksBuildPhase;
			buildActionMask = 2147483647;
			files = (
			);
			runOnlyForDeploymentPostprocessing = 0;
		};
/* End PBXFrameworksBuildPhase section */

/* Begin PBXGroup section */
		74AEF59F1DDCBD5C0069E92D = {
			isa = PBXGroup;
			children = (
				74AEF5AA1DDCBD5C0069E92D /* InstaKilo */,
				74AEF5A91DDCBD5C0069E92D /* Products */,
			);
			sourceTree = "<group>";
		};
		74AEF5A91DDCBD5C0069E92D /* Products */ = {
			isa = PBXGroup;
			children = (
				74AEF5A81DDCBD5C0069E92D /* InstaKilo.app */,
			);
			name = Products;
			sourceTree = "<group>";
		};
		74AEF5AA1DDCBD5C0069E92D /* InstaKilo */ = {
			isa = PBXGroup;
			children = (
				74AEF5AE1DDCBD5C0069E92D /* AppDelegate.h */,
				74AEF5AF1DDCBD5C0069E92D /* AppDelegate.m */,
				74AEF5B11DDCBD5C0069E92D /* ViewController.h */,
				74AEF5B21DDCBD5C0069E92D /* ViewController.m */,
				74AEF5B41DDCBD5C0069E92D /* Main.storyboard */,
				74D6546D1DDD288000BA9838 /* HeaderCollectionReusableView.h */,
				74D6546E1DDD288000BA9838 /* HeaderCollectionReusableView.m */,
				74AEF5B71DDCBD5C0069E92D /* Assets.xcassets */,
				74AEF5B91DDCBD5C0069E92D /* LaunchScreen.storyboard */,
				74AEF5BC1DDCBD5C0069E92D /* Info.plist */,
				74AEF5AB1DDCBD5C0069E92D /* Supporting Files */,
			);
			path = InstaKilo;
			sourceTree = "<group>";
		};
		74AEF5AB1DDCBD5C0069E92D /* Supporting Files */ = {
			isa = PBXGroup;
			children = (
				74AEF5E61DDCE6AF0069E92D /* ImageObject.h */,
				74AEF5E71DDCE6AF0069E92D /* ImageObject.m */,
				74AEF5C21DDCC0320069E92D /* CollectionViewCell.h */,
				74AEF5C31DDCC0320069E92D /* CollectionViewCell.m */,
				74AEF5AC1DDCBD5C0069E92D /* main.m */,
			);
			name = "Supporting Files";
			sourceTree = "<group>";
		};
/* End PBXGroup section */

/* Begin PBXNativeTarget section */
		74AEF5A71DDCBD5C0069E92D /* InstaKilo */ = {
			isa = PBXNativeTarget;
			buildConfigurationList = 74AEF5BF1DDCBD5C0069E92D /* Build configuration list for PBXNativeTarget "InstaKilo" */;
			buildPhases = (
				74AEF5A41DDCBD5C0069E92D /* Sources */,
				74AEF5A51DDCBD5C0069E92D /* Frameworks */,
				74AEF5A61DDCBD5C0069E92D /* Resources */,
			);
			buildRules = (
			);
			dependencies = (
			);
			name = InstaKilo;
			productName = InstaKilo;
			productReference = 74AEF5A81DDCBD5C0069E92D /* InstaKilo.app */;
			productType = "com.apple.product-type.application";
		};
/* End PBXNativeTarget section */

/* Begin PBXProject section */
		74AEF5A01DDCBD5C0069E92D /* Project object */ = {
			isa = PBXProject;
			attributes = {
				LastUpgradeCheck = 0810;
				ORGANIZATIONNAME = "Thomas Alexanian";
				TargetAttributes = {
					74AEF5A71DDCBD5C0069E92D = {
						CreatedOnToolsVersion = 8.1;
						DevelopmentTeam = E44M545Q67;
						ProvisioningStyle = Automatic;
					};
				};
			};
			buildConfigurationList = 74AEF5A31DDCBD5C0069E92D /* Build configuration list for PBXProject "InstaKilo" */;
			compatibilityVersion = "Xcode 3.2";
			developmentRegion = English;
			hasScannedForEncodings = 0;
			knownRegions = (
				en,
				Base,
			);
			mainGroup = 74AEF59F1DDCBD5C0069E92D;
			productRefGroup = 74AEF5A91DDCBD5C0069E92D /* Products */;
			projectDirPath = "";
			projectRoot = "";
			targets = (
				74AEF5A71DDCBD5C0069E92D /* InstaKilo */,
			);
		};
/* End PBXProject section */

/* Begin PBXResourcesBuildPhase section */
		74AEF5A61DDCBD5C0069E92D /* Resources */ = {
			isa = PBXResourcesBuildPhase;
			buildActionMask = 2147483647;
			files = (
				74AEF5BB1DDCBD5C0069E92D /* LaunchScreen.storyboard in Resources */,
				74AEF5B81DDCBD5C0069E92D /* Assets.xcassets in Resources */,
				74AEF5B61DDCBD5C0069E92D /* Main.storyboard in Resources */,
			);
			runOnlyForDeploymentPostprocessing = 0;
		};
/* End PBXResourcesBuildPhase section */

/* Begin PBXSourcesBuildPhase section */
		74AEF5A41DDCBD5C0069E92D /* Sources */ = {
			isa = PBXSourcesBuildPhase;
			buildActionMask = 2147483647;
			files = (
				74D6546F1DDD288000BA9838 /* HeaderCollectionReusableView.m in Sources */,
				74AEF5E81DDCE6AF0069E92D /* ImageObject.m in Sources */,
				74AEF5B31DDCBD5C0069E92D /* ViewController.m in Sources */,
				74AEF5B01DDCBD5C0069E92D /* AppDelegate.m in Sources */,
				74AEF5C41DDCC0320069E92D /* CollectionViewCell.m in Sources */,
				74AEF5AD1DDCBD5C0069E92D /* main.m in Sources */,
			);
			runOnlyForDeploymentPostprocessing = 0;
		};
/* End PBXSourcesBuildPhase section */

/* Begin PBXVariantGroup section */
		74AEF5B41DDCBD5C0069E92D /* Main.storyboard */ = {
			isa = PBXVariantGroup;
			children = (
				74AEF5B51DDCBD5C0069E92D /* Base */,
			);
			name = Main.storyboard;
			sourceTree = "<group>";
		};
		74AEF5B91DDCBD5C0069E92D /* LaunchScreen.storyboard */ = {
			isa = PBXVariantGroup;
			children = (
				74AEF5BA1DDCBD5C0069E92D /* Base */,
			);
			name = LaunchScreen.storyboard;
			sourceTree = "<group>";
		};
/* End PBXVariantGroup section */

/* Begin XCBuildConfiguration section */
		74AEF5BD1DDCBD5C0069E92D /* Debug */ = {
			isa = XCBuildConfiguration;
			buildSettings = {
				ALWAYS_SEARCH_USER_PATHS = NO;
				CLANG_ANALYZER_NONNULL = YES;
				CLANG_CXX_LANGUAGE_STANDARD = "gnu++0x";
				CLANG_CXX_LIBRARY = "libc++";
				CLANG_ENABLE_MODULES = YES;
				CLANG_ENABLE_OBJC_ARC = YES;
				CLANG_WARN_BOOL_CONVERSION = YES;
				CLANG_WARN_CONSTANT_CONVERSION = YES;
				CLANG_WARN_DIRECT_OBJC_ISA_USAGE = YES_ERROR;
				CLANG_WARN_DOCUMENTATION_COMMENTS = YES;
				CLANG_WARN_EMPTY_BODY = YES;
				CLANG_WARN_ENUM_CONVERSION = YES;
				CLANG_WARN_INFINITE_RECURSION = YES;
				CLANG_WARN_INT_CONVERSION = YES;
				CLANG_WARN_OBJC_ROOT_CLASS = YES_ERROR;
				CLANG_WARN_SUSPICIOUS_MOVES = YES;
				CLANG_WARN_UNREACHABLE_CODE = YES;
				CLANG_WARN__DUPLICATE_METHOD_MATCH = YES;
				"CODE_SIGN_IDENTITY[sdk=iphoneos*]" = "iPhone Developer";
				COPY_PHASE_STRIP = NO;
				DEBUG_INFORMATION_FORMAT = dwarf;
				ENABLE_STRICT_OBJC_MSGSEND = YES;
				ENABLE_TESTABILITY = YES;
				GCC_C_LANGUAGE_STANDARD = gnu99;
				GCC_DYNAMIC_NO_PIC = NO;
				GCC_NO_COMMON_BLOCKS = YES;
				GCC_OPTIMIZATION_LEVEL = 0;
				GCC_PREPROCESSOR_DEFINITIONS = (
					"DEBUG=1",
					"$(inherited)",
				);
				GCC_WARN_64_TO_32_BIT_CONVERSION = YES;
				GCC_WARN_ABOUT_RETURN_TYPE = YES_ERROR;
				GCC_WARN_UNDECLARED_SELECTOR = YES;
				GCC_WARN_UNINITIALIZED_AUTOS = YES_AGGRESSIVE;
				GCC_WARN_UNUSED_FUNCTION = YES;
				GCC_WARN_UNUSED_VARIABLE = YES;
				IPHONEOS_DEPLOYMENT_TARGET = 10.1;
				MTL_ENABLE_DEBUG_INFO = YES;
				ONLY_ACTIVE_ARCH = YES;
				SDKROOT = iphoneos;
				TARGETED_DEVICE_FAMILY = "1,2";
			};
			name = Debug;
		};
		74AEF5BE1DDCBD5C0069E92D /* Release */ = {
			isa = XCBuildConfiguration;
			buildSettings = {
				ALWAYS_SEARCH_USER_PATHS = NO;
				CLANG_ANALYZER_NONNULL = YES;
				CLANG_CXX_LANGUAGE_STANDARD = "gnu++0x";
				CLANG_CXX_LIBRARY = "libc++";
				CLANG_ENABLE_MODULES = YES;
				CLANG_ENABLE_OBJC_ARC = YES;
				CLANG_WARN_BOOL_CONVERSION = YES;
				CLANG_WARN_CONSTANT_CONVERSION = YES;
				CLANG_WARN_DIRECT_OBJC_ISA_USAGE = YES_ERROR;
				CLANG_WARN_DOCUMENTATION_COMMENTS = YES;
				CLANG_WARN_EMPTY_BODY = YES;
				CLANG_WARN_ENUM_CONVERSION = YES;
				CLANG_WARN_INFINITE_RECURSION = YES;
				CLANG_WARN_INT_CONVERSION = YES;
				CLANG_WARN_OBJC_ROOT_CLASS = YES_ERROR;
				CLANG_WARN_SUSPICIOUS_MOVES = YES;
				CLANG_WARN_UNREACHABLE_CODE = YES;
				CLANG_WARN__DUPLICATE_METHOD_MATCH = YES;
				"CODE_SIGN_IDENTITY[sdk=iphoneos*]" = "iPhone Developer";
				COPY_PHASE_STRIP = NO;
				DEBUG_INFORMATION_FORMAT = "dwarf-with-dsym";
				ENABLE_NS_ASSERTIONS = NO;
				ENABLE_STRICT_OBJC_MSGSEND = YES;
				GCC_C_LANGUAGE_STANDARD = gnu99;
				GCC_NO_COMMON_BLOCKS = YES;
				GCC_WARN_64_TO_32_BIT_CONVERSION = YES;
				GCC_WARN_ABOUT_RETURN_TYPE = YES_ERROR;
				GCC_WARN_UNDECLARED_SELECTOR = YES;
				GCC_WARN_UNINITIALIZED_AUTOS = YES_AGGRESSIVE;
				GCC_WARN_UNUSED_FUNCTION = YES;
				GCC_WARN_UNUSED_VARIABLE = YES;
				IPHONEOS_DEPLOYMENT_TARGET = 10.1;
				MTL_ENABLE_DEBUG_INFO = NO;
				SDKROOT = iphoneos;
				TARGETED_DEVICE_FAMILY = "1,2";
				VALIDATE_PRODUCT = YES;
			};
			name = Release;
		};
		74AEF5C01DDCBD5C0069E92D /* Debug */ = {
			isa = XCBuildConfiguration;
			buildSettings = {
				ASSETCATALOG_COMPILER_APPICON_NAME = AppIcon;
				DEVELOPMENT_TEAM = E44M545Q67;
				INFOPLIST_FILE = InstaKilo/Info.plist;
				IPHONEOS_DEPLOYMENT_TARGET = 9.2;
				LD_RUNPATH_SEARCH_PATHS = "$(inherited) @executable_path/Frameworks";
				PRODUCT_BUNDLE_IDENTIFIER = ta.InstaKilo;
				PRODUCT_NAME = "$(TARGET_NAME)";
			};
			name = Debug;
		};
		74AEF5C11DDCBD5C0069E92D /* Release */ = {
			isa = XCBuildConfiguration;
			buildSettings = {
				ASSETCATALOG_COMPILER_APPICON_NAME = AppIcon;
				DEVELOPMENT_TEAM = E44M545Q67;
				INFOPLIST_FILE = InstaKilo/Info.plist;
				IPHONEOS_DEPLOYMENT_TARGET = 9.2;
				LD_RUNPATH_SEARCH_PATHS = "$(inherited) @executable_path/Frameworks";
				PRODUCT_BUNDLE_IDENTIFIER = ta.InstaKilo;
				PRODUCT_NAME = "$(TARGET_NAME)";
			};
			name = Release;
		};
/* End XCBuildConfiguration section */

/* Begin XCConfigurationList section */
		74AEF5A31DDCBD5C0069E92D /* Build configuration list for PBXProject "InstaKilo" */ = {
			isa = XCConfigurationList;
			buildConfigurations = (
				74AEF5BD1DDCBD5C0069E92D /* Debug */,
				74AEF5BE1DDCBD5C0069E92D /* Release */,
			);
			defaultConfigurationIsVisible = 0;
			defaultConfigurationName = Release;
		};
		74AEF5BF1DDCBD5C0069E92D /* Build configuration list for PBXNativeTarget "InstaKilo" */ = {
			isa = XCConfigurationList;
			buildConfigurations = (
				74AEF5C01DDCBD5C0069E92D /* Debug */,
				74AEF5C11DDCBD5C0069E92D /* Release */,
			);
			defaultConfigurationIsVisible = 0;
			defaultConfigurationName = Release;
		};
/* End XCConfigurationList section */
	};
	rootObject = 74AEF5A01DDCBD5C0069E92D /* Project object */;
}
